
Microsoft Visual Studio Solution File, Format Version 12.00
# Visual Studio Version 17
VisualStudioVersion = 17.8.34511.84
MinimumVisualStudioVersion = 10.0.40219.1
Project("{FAE04EC0-301F-11D3-BF4B-00C04F79EFBC}") = "EMS_ng.Server", "EMS_ng.Server\EMS_ng.Server.csproj", "{97576FD0-0B62-4964-9B80-A4443A3FE52D}"
EndProject
Project("{54A90642-561A-4BB1-A94E-469ADEE60C69}") = "ems_ng.client", "ems_ng.client\ems_ng.client.esproj", "{2F6C054D-81E5-492D-A724-79EEEF023B7D}"
EndProject
Global
	GlobalSection(SolutionConfigurationPlatforms) = preSolution
		Debug|Any CPU = Debug|Any CPU
		Release|Any CPU = Release|Any CPU
	EndGlobalSection
	GlobalSection(ProjectConfigurationPlatforms) = postSolution
		{97576FD0-0B62-4964-9B80-A4443A3FE52D}.Debug|Any CPU.ActiveCfg = Debug|Any CPU
		{97576FD0-0B62-4964-9B80-A4443A3FE52D}.Debug|Any CPU.Build.0 = Debug|Any CPU
		{97576FD0-0B62-4964-9B80-A4443A3FE52D}.Release|Any CPU.ActiveCfg = Release|Any CPU
		{97576FD0-0B62-4964-9B80-A4443A3FE52D}.Release|Any CPU.Build.0 = Release|Any CPU
		{2F6C054D-81E5-492D-A724-79EEEF023B7D}.Debug|Any CPU.ActiveCfg = Debug|Any CPU
		{2F6C054D-81E5-492D-A724-79EEEF023B7D}.Debug|Any CPU.Build.0 = Debug|Any CPU
		{2F6C054D-81E5-492D-A724-79EEEF023B7D}.Debug|Any CPU.Deploy.0 = Debug|Any CPU
		{2F6C054D-81E5-492D-A724-79EEEF023B7D}.Release|Any CPU.ActiveCfg = Release|Any CPU
		{2F6C054D-81E5-492D-A724-79EEEF023B7D}.Release|Any CPU.Build.0 = Release|Any CPU
		{2F6C054D-81E5-492D-A724-79EEEF023B7D}.Release|Any CPU.Deploy.0 = Release|Any CPU
	EndGlobalSection
	GlobalSection(SolutionProperties) = preSolution
		HideSolutionNode = FALSE
	EndGlobalSection
	GlobalSection(ExtensibilityGlobals) = postSolution
		SolutionGuid = {C6AA680A-E3B2-4A11-A688-FCA56A93E81B}
	EndGlobalSection
EndGlobal
